
Microsoft Visual Studio Solution File, Format Version 12.00
# Visual Studio Version 16
VisualStudioVersion = 16.0.30611.23
MinimumVisualStudioVersion = 10.0.40219.1
Project("{FAE04EC0-301F-11D3-BF4B-00C04F79EFBC}") = "WLeitor", "WLeitor\WLeitor.csproj", "{10BFD3F2-A6A1-4384-B12A-71C8748E5861}"
EndProject
Global
	GlobalSection(SolutionConfigurationPlatforms) = preSolution
		Debug|Any CPU = Debug|Any CPU
		Release|Any CPU = Release|Any CPU
	EndGlobalSection
	GlobalSection(ProjectConfigurationPlatforms) = postSolution
		{10BFD3F2-A6A1-4384-B12A-71C8748E5861}.Debug|Any CPU.ActiveCfg = Debug|Any CPU
		{10BFD3F2-A6A1-4384-B12A-71C8748E5861}.Debug|Any CPU.Build.0 = Debug|Any CPU
		{10BFD3F2-A6A1-4384-B12A-71C8748E5861}.Release|Any CPU.ActiveCfg = Release|Any CPU
		{10BFD3F2-A6A1-4384-B12A-71C8748E5861}.Release|Any CPU.Build.0 = Release|Any CPU
	EndGlobalSection
	GlobalSection(SolutionProperties) = preSolution
		HideSolutionNode = FALSE
	EndGlobalSection
	GlobalSection(ExtensibilityGlobals) = postSolution
		SolutionGuid = {01A4336E-23AA-4DAD-A0A2-AFEAB591C84E}
	EndGlobalSection
EndGlobal
